github.com/chef/chef-workstation/www v0.0.0-20200805001253-17ffc16b0146 h1:L8bW+IWId1KoUiOqtGooqMGeJfgefhRzG9mmVRQVmQ8=
github.com/chef/chef-workstation/www v0.0.0-20200805001253-17ffc16b0146/go.mod h1:rktT78z3KaWu7A+wf1g6KmYszrwn6Y3o3IFlTg8OpQg=
github.com/chef/desktop-config/docs v0.0.0-20200610165450-c19114b2ac44 h1:+5XE7ELoAI6L0MZ8mwsARBXVXL9ye3aIeKRvwnLuja4=
github.com/chef/desktop-config/docs v0.0.0-20200610165450-c19114b2ac44/go.mod h1:B9QAfsJHmMQ6yIgsvQ4uG7f98HVPMjRGO8VuSFN4A9Q=
github.com/chef/effortless/effortless-chef-io v0.0.0-20200605204203-daaeab90dcdd h1:Q8CMHE3SRbHuKIJ2w4mRR3arJsm9gNWapHzlpqOPAQc=
github.com/chef/effortless/effortless-chef-io v0.0.0-20200605204203-daaeab90dcdd/go.mod h1:quhPGE10kqa8SPVygK8sqFwdlH6LyWa40ecQnNjiuXw=
github.com/inspec/inspec v1.51.31 h1:p3925pVk5n28bx7+NaMuM2TSlhCkChzMGdYgEYfxLIc=
github.com/inspec/inspec v4.22.0+incompatible h1:VfoEZ05AhZnuMctWr1dnJcbGIO0Q9wS6runJLIB4dMg=
github.com/inspec/inspec/www v0.0.0-20200716140842-08bc5edfaff0 h1:GZMF34zygakt42WtaNLgbB3llTMFboSRIzaUIkSekM8=
github.com/inspec/inspec/www v0.0.0-20200716140842-08bc5edfaff0/go.mod h1:isl/Svs5d7iVDAgZhmWmb7GpTaR7o7GoeChJuxL9KeI=
