github.com/chef/automate/components/docs-chef-io v0.0.0-20240926130942-4b98d9cf92f6 h1:scrWEAK18Peqbtc3CxwxVaFp595kr+r8eYvYxW7qjQU=
github.com/chef/automate/components/docs-chef-io v0.0.0-20240926130942-4b98d9cf92f6/go.mod h1:juvLC7Rt33YOCgJ5nnfl4rWZRAbSwqjTbWmcAoA0LtU=
github.com/chef/chef-docs-theme v0.0.0-20241022204409-d84f13a3c826 h1:ga5wgtTZN/1eR44zBJ5umO7vlXjM+j2UER0Gx3KCxz0=
github.com/chef/chef-docs-theme v0.0.0-20241022204409-d84f13a3c826/go.mod h1:+Jpnv+LXE6dXu2xDcMzMc0RxRGuCPAoFxq5tJ/X6QpQ=
github.com/chef/chef-server/docs-chef-io v0.0.0-20240920053744-03b58ff14f46 h1:KKSufg3MDKPPzXN2Nv6vUGhx8LIYmYMo9ByQMFbj8Rk=
github.com/chef/chef-server/docs-chef-io v0.0.0-20240920053744-03b58ff14f46/go.mod h1:gMSa25GUHmLimA0gjvRd3hs1buOBqkKPrdHzHvaJauY=
github.com/chef/chef-workstation/docs-chef-io v0.0.0-20240809064339-878cb76b2b66 h1:mGSa2uVyyi8bHyluwmmd83UReZR9gqF/roi5v7lnv0s=
github.com/chef/chef-workstation/docs-chef-io v0.0.0-20240809064339-878cb76b2b66/go.mod h1:u6KNpAJs9lTmRigxXsxX0dEywa5KLB40m1vbAalN0NI=
github.com/chef/compliance-profiles/docs-chef-io v0.0.0-20241106111500-6a8759e49b64 h1:99aFQUpNaGl3GnAeE8EwH5BI8R8mzWHX7vOLUAzw1pw=
github.com/chef/compliance-profiles/docs-chef-io v0.0.0-20241106111500-6a8759e49b64/go.mod h1:fsG7S6r66ZW6Af/sqq+OL3WNP+BoO4V1/Evwu98Noig=
github.com/chef/compliance-remediation-2022/docs-chef-io v0.0.0-20240313054833-ebbc45209efa h1:H2kX1/99ggT3YoLlO6xe7FuqsWl0dETD0OXUvKCWrII=
github.com/chef/compliance-remediation-2022/docs-chef-io v0.0.0-20240313054833-ebbc45209efa/go.mod h1:kNxSqzNZGBwfF4AfALPzUfOeAsscIIKq8vyoCNL33DA=
github.com/chef/desktop-config/docs-chef-io v0.0.0-20240814044820-5af667d41a43 h1:2wrzLEbX7qPYQRw/LTBm2pHB5HKyL9ElYUA7bkYScaE=
github.com/chef/desktop-config/docs-chef-io v0.0.0-20240814044820-5af667d41a43/go.mod h1:90xAx6sIfgSL50M2KzeBmx7V7s7dlhQU3xpUkJO0qW0=
github.com/chef/effortless/docs-chef-io v0.0.0-20230711123605-c8beb79aba4f h1:6+VjBykE1b9LGfJEBstSKLAGJySrhu6NY162gz+cnxo=
github.com/chef/effortless/docs-chef-io v0.0.0-20230711123605-c8beb79aba4f/go.mod h1:Lfq+HjwAQwUJ41EPTO/8qbI1oJb2i415fR28d2Ig9kc=
github.com/chef/license-service/docs-chef-io v0.0.0-20231117105514-d3f3d53ba2dd h1:I4Rgzposq3E5Dd+swVEry+rs3zvEKSN29NS3noKRcTY=
github.com/chef/license-service/docs-chef-io v0.0.0-20231117105514-d3f3d53ba2dd/go.mod h1:leNCF0KadV7zjm7YpVegNnbmWYUFXgaPKHP4tTDacos=
github.com/chef/supermarket/docs-chef-io v0.0.0-20241105172430-a362eded8f72 h1:mGnH8fxL69YfwoLP+mJP5fodAukQVf0A5lmF+7Cq/64=
github.com/chef/supermarket/docs-chef-io v0.0.0-20241105172430-a362eded8f72/go.mod h1:D+9mmEZxCwpdhZ8LrEODBWMwMufmJUubSt5NlU/lLB4=
github.com/cowboy/jquery-hashchange v0.0.0-20100902193700-0310f3847f90 h1:p/a5iSATj0OjrqJLX/YKxYdGXhZzW58yyyNIC4JY4S0=
github.com/cowboy/jquery-hashchange v0.0.0-20100902193700-0310f3847f90/go.mod h1:N/6F0+wmdvL6k0AjqyKIncMRClKAN92atjZdTLtYMaw=
github.com/habitat-sh/habitat/components/docs-chef-io v0.0.0-20240410132404-ec6d25dc198b h1:Ro7cUmzy6EEKQSUdIO+Avfw8qDIQitQUY/lVdD6Za2g=
github.com/habitat-sh/habitat/components/docs-chef-io v0.0.0-20240410132404-ec6d25dc198b/go.mod h1:5GKz/BtTWeTr8vdVQPkvGDQkQ+xiGWLkDsPOXhu2Ps4=
github.com/inspec/inspec-alicloud/docs-chef-io v0.0.0-20240122032124-a1d2a214e170 h1:Q9jEEyv8nZAN5NgJXwMoqjngSz6Bc5ruNc9V72Hk4b4=
github.com/inspec/inspec-alicloud/docs-chef-io v0.0.0-20240122032124-a1d2a214e170/go.mod h1:tAazDDBtR5yCl/FNWHnrmkxpfxnOo9B99DyfRE7JH1c=
github.com/inspec/inspec-aws/docs-chef-io v0.0.0-20240122032232-049dcf822eef h1:r+GoVO6zbIAtusZ2w6MwUhtDAJicQkYbX0iWwZmuXfQ=
github.com/inspec/inspec-aws/docs-chef-io v0.0.0-20240122032232-049dcf822eef/go.mod h1:5rfIsi1/SqSiAXqU94UOcfMnebnuaEmFriU8k8t1Kes=
github.com/inspec/inspec-azure/docs-chef-io v0.0.0-20240122032234-c1394fc25525 h1:AyGJGbjDfAJtulOptFZ0nm26z3g0C8q5zOnB9vzUCeg=
github.com/inspec/inspec-azure/docs-chef-io v0.0.0-20240122032234-c1394fc25525/go.mod h1:93+uw8FTBAWybBZIn45FzO5vnZDBh51lgMwMP1vvIqo=
github.com/inspec/inspec-habitat/docs-chef-io v0.0.0-20220218210405-bfd542da49fd h1:DyqDEbj+OfJEvigVO37AsEaZMqC71rLgfb7aGR2jEEI=
github.com/inspec/inspec-habitat/docs-chef-io v0.0.0-20220218210405-bfd542da49fd/go.mod h1:Q4E7QBY4b7HDE2psfGT9jqvnLq1yfg5e9KWK4VTtI/M=
github.com/inspec/inspec-k8s/docs-chef-io v0.0.0-20240122032042-421355eaf502 h1:l3NT3O2TWWbp1XTeolWRNreLWoWornD4S8+h9uIVIc0=
github.com/inspec/inspec-k8s/docs-chef-io v0.0.0-20240122032042-421355eaf502/go.mod h1:JwjkNHKgELWxc9esXuK3ELEGL371pK496OKrK+te3Lk=
github.com/inspec/inspec/docs-chef-io v0.0.0-20240826082411-e34d735e7a5f h1:UTHOiIMiMOKdbwMTLAeMfB//tiHQQSxpb01NMZP8ilo=
github.com/inspec/inspec/docs-chef-io v0.0.0-20240826082411-e34d735e7a5f/go.mod h1:k41HVhnK+v9/X2qCX+axYBM6eME3kFeatloWoMLxXQU=
github.com/swiftype/swiftype-autocomplete-jquery v0.0.0-20190222215504-a90008d64b30 h1:dhqLFBINtD1rMwwd5s9INu4BkciCvQUd+r+CWUYWIB4=
github.com/swiftype/swiftype-autocomplete-jquery v0.0.0-20190222215504-a90008d64b30/go.mod h1:qnxTyatkwE84LvoaQLPaLB4h5M3n6Q2z+SB/96DcAK8=
github.com/swiftype/swiftype-search-jquery v1.1.0 h1:VRYyWPQtf3Vl3B5W2xQJuFVoUBlBFGQ4tOTu94b8mNU=
github.com/swiftype/swiftype-search-jquery v1.1.0/go.mod h1:ozrXd90Gb0yopbWx+Iw4poOxjLe2lBFcKHDfIHrFHmA=
github.com/twitter/hogan.js v3.0.2+incompatible h1:DdinnfJ/9Wbro2tdeHV6PJJgknxqCbjdJxDQYxiqGmk=
github.com/twitter/hogan.js v3.0.2+incompatible/go.mod h1:x3aKPTRsKTy23Q9NizAq8BBZstS4fy72LcbAL13ps9A=
