lockfileVersion: '9.0'

settings:
  autoInstallPeers: true
  excludeLinksFromLockfile: false

importers:

  .:
    dependencies:
      foundation-sites:
        specifier: ~6.8.1
        version: 6.8.1(jquery@3.7.1)(what-input@5.2.12)
      jquery:
        specifier: ^3.7.1
        version: 3.7.1
      redoc:
        specifier: ^2.4.0
        version: 2.5.3(core-js@3.49.0)(mobx@6.16.1)(react-dom@19.2.7(react@19.2.7))(react@19.2.7)(styled-components@6.4.3(react-dom@19.2.7(react@19.2.7))(react@19.2.7))

packages:

  '@babel/runtime@7.29.7':
    resolution: {integrity: sha512-Nq8OhGWiZIZGV6hLHoyAKLLcJihP/xFeBMGJoUrxTX2psI8dCifzLhZISFb+VWS3wFMRDmCGw5R+dOySCqPLhw==}
    engines: {node: '>=6.9.0'}

  '@emotion/is-prop-valid@1.4.0':
    resolution: {integrity: sha512-QgD4fyscGcbbKwJmqNvUMSE02OsHUa+lAWKdEUIJKgqe5IwRSKd7+KhibEWdaKwgjLj0DRSHA9biAIqGBk05lw==, tarball: https://pkg.harness.io/pkg/ct8onj8YTdaXtKaFsYCRLg/org-chef-npm/npm/@emotion/is-prop-valid/-/is-prop-valid-1.4.0.tgz}

  '@emotion/memoize@0.9.0':
    resolution: {integrity: sha512-30FAj7/EoJ5mwVPOWhAyCX+FPfMDrVecJAM+Iw9NRoSl4BBAQeqj4cApHHUXOVvIPgLVDsCFoz/hGD+5QQD1GQ==}

  '@exodus/schemasafe@1.3.0':
    resolution: {integrity: sha512-5Aap/GaRupgNx/feGBwLLTVv8OQFfv3pq2lPRzPg9R+IOBnDgghTGW7l7EuVXOvg5cc/xSAlRW8rBrjIC3Nvqw==}

  '@nodable/entities@2.2.0':
    resolution: {integrity: sha512-9uGyhaQavEUMC8AIddIjau4NsnsXhou+j5sBAGojCM1oxmQpVKTWR/9JxABD6UAv12vpIms55fPZKFQEhG6uBg==}

  '@redocly/ajv@8.11.2':
    resolution: {integrity: sha512-io1JpnwtIcvojV7QKDUSIuMN/ikdOUd1ReEnUnMKGfDVridQZ31J0MmIuqwuRjWDZfmvr+Q0MqCcfHM2gTivOg==, tarball: https://pkg.harness.io/pkg/ct8onj8YTdaXtKaFsYCRLg/org-chef-npm/npm/@redocly/ajv/-/ajv-8.11.2.tgz}

  '@redocly/config@0.22.0':
    resolution: {integrity: sha512-gAy93Ddo01Z3bHuVdPWfCwzgfaYgMdaZPcfL7JZ7hWJoK9V0lXDbigTWkhiPFAaLWzbOJ+kbUQG1+XwIm0KRGQ==, tarball: https://pkg.harness.io/pkg/ct8onj8YTdaXtKaFsYCRLg/org-chef-npm/npm/@redocly/config/-/config-0.22.0.tgz}

  '@redocly/openapi-core@1.34.16':
    resolution: {integrity: sha512-zIgmQTT2TV/U/SJ3N4jlIw36erH6X8ga1UNIoyrlbr0yLEbsiII/16LZ0kMxWu2A8pw0xd56rwTz5sMudy2OAw==}
    engines: {node: '>=18.17.0', npm: '>=9.5.0'}

  '@types/json-schema@7.0.15':
    resolution: {integrity: sha512-5+fP8P8MFNC+AyZCDxrB2pkZFPGzqQWUzpSeuuVLvm8VMcorNYavBqoFcxK8bQz4Qsbn4oUEEem4wDLfcysGHA==}

  '@types/trusted-types@2.0.7':
    resolution: {integrity: sha512-ScaPdn1dQczgbl0QFTeTOmVHFULt394XJgOQNoyVhZ6r2vLnMLJfBPd53SB52T/3G36VI1/g2MZaX0cwDuXsfw==}

  agent-base@7.1.4:
    resolution: {integrity: sha512-MnA+YT8fwfJPgBx3m60MNqakm30XOkyIoH1y6huTQvC0PwZG7ki8NacLBcrPbNoo8vEZy7Jpuk7+jMO+CUovTQ==}
    engines: {node: '>= 14'}

  ansi-regex@5.0.1:
    resolution: {integrity: sha512-quJQXlTSUGL2LH9SUXo8VwsY4soanhgo6LNSm84E1LBcE8s3O0wpdiRzyR9z/ZZJMlMWv37qOOb9pdJlMUEKFQ==}
    engines: {node: '>=8'}

  ansi-styles@4.3.0:
    resolution: {integrity: sha512-zbB9rCJAT1rbjiVDb2hqKFHNYLxgtk8NURxZ3IZwD3F6NtxbXZQCnnSi1Lkx+IDohdPlFp222wVALIheZJQSEg==}
    engines: {node: '>=8'}

  anynum@1.0.1:
    resolution: {integrity: sha512-N6//FLET/tXYNM/F6ABca1oH6fWB+KlTt909Le28WMDBk8oaT4vY17DCrwg2MvmuqUKt3Ni4N5dGJ/EoBgcO6A==}

  argparse@2.0.1:
    resolution: {integrity: sha512-8+9WqebbFzpX9OR+Wa6O29asIogeRMzcGtAINdpMHHyAg10f05aSFVBbcEqGf/PXw1EjAZ+q2/bEBg3DvurK3Q==}

  balanced-match@1.0.2:
    resolution: {integrity: sha512-3oSeUO0TMV67hN1AmbXsK4yaqU7tjiHlbxRDZOpH0KW9+CeX4bRAaX0Anxt0tx2MrpRpWwQaPwIlISEJhYU5Pw==}

  brace-expansion@2.1.1:
    resolution: {integrity: sha512-WR1cURNjuvBLMZBMbqM0UoE+WAfdUcEV1ccD8PVBVOI+Z3ND4+SZbN8RsfT2bMuG1qwz5RFvPukSZm5fF2D5eA==}

  call-me-maybe@1.0.2:
    resolution: {integrity: sha512-HpX65o1Hnr9HH25ojC1YGs7HCQLq0GCOibSaWER0eNpgJ/Z1MZv2mTc7+xh6WOPxbRVcmgbv4hGU+uSQ/2xFZQ==}

  classnames@2.5.1:
    resolution: {integrity: sha512-saHYOzhIQs6wy2sVxTM6bUDsQO4F50V9RQ22qBpEdCW+I+/Wmke2HOl6lS6dTpdxVhb88/I6+Hs+438c3lfUow==}

  cliui@8.0.1:
    resolution: {integrity: sha512-BSeNnyus75C4//NQ9gQt1/csTXyo/8Sb+afLAkzAptFuMsod9HFokGNudZpi/oQV73hnVK+sR+5PVRMd+Dr7YQ==}
    engines: {node: '>=12'}

  clsx@2.1.1:
    resolution: {integrity: sha512-eYm0QWBtUrBWZWG0d386OGAw16Z995PiOVo2B7bjWSbHedGl5e0ZWaq65kOGgUSNesEIDkB9ISbTg/JK9dhCZA==}
    engines: {node: '>=6'}

  color-convert@2.0.1:
    resolution: {integrity: sha512-RRECPsj7iu/xb5oKYcsFHSppFNnsj/52OVTRKb4zP5onXwVF3zVmmToNcOfGC+CRDpfK/U584fMg38ZHCaElKQ==}
    engines: {node: '>=7.0.0'}

  color-name@1.1.4:
    resolution: {integrity: sha512-dOy+3AuW3a2wNbZHIuMZpTcgjGuLU/uBL/ubcZF9OXbDo8ff4O8yVp5Bf0efS8uEoYo5q4Fx7dY9OgQGXgAsQA==}

  colorette@1.4.0:
    resolution: {integrity: sha512-Y2oEozpomLn7Q3HFP7dpww7AtMJplbM9lGZP6RDfHqmbeRjiwRg4n6VM6j4KLmRke85uWEI7JqF17f3pqdRA0g==, tarball: https://pkg.harness.io/pkg/ct8onj8YTdaXtKaFsYCRLg/org-chef-npm/npm/colorette/-/colorette-1.4.0.tgz}

  core-js@3.49.0:
    resolution: {integrity: sha512-es1U2+YTtzpwkxVLwAFdSpaIMyQaq0PBgm3YD1W3Qpsn1NAmO3KSgZfu+oGSWVu6NvLHoHCV/aYcsE5wiB7ALg==}

  csstype@3.2.3:
    resolution: {integrity: sha512-z1HGKcYy2xA8AGQfwrn0PAy+PB7X/GSj3UVJW9qKyn43xWa+gl5nXmU4qqLMRzWVLFC8KusUX8T/0kCiOYpAIQ==, tarball: https://pkg.harness.io/pkg/ct8onj8YTdaXtKaFsYCRLg/org-chef-npm/npm/csstype/-/csstype-3.2.3.tgz}

  debug@4.4.3:
    resolution: {integrity: sha512-RGwwWnwQvkVfavKVt22FGLw+xYSdzARwm0ru6DhTVA3umU5hZc28V3kO4stgYryrTlLpuvgI9GiijltAjNbcqA==}
    engines: {node: '>=6.0'}
    peerDependencies:
      supports-color: '*'
    peerDependenciesMeta:
      supports-color:
        optional: true

  decko@1.2.0:
    resolution: {integrity: sha512-m8FnyHXV1QX+S1cl+KPFDIl6NMkxtKsy6+U/aYyjrOqWMuwAwYWu7ePqrsUHtDR5Y8Yk2pi/KIDSgF+vT4cPOQ==}

  dompurify@3.4.11:
    resolution: {integrity: sha512-zhlUV12GsaRzMsf9q5M254YhA4+VuF0fG+QFqu6aYpoGlKtz+w8//jBcGVYBgQkR5GHjUomejY84AV+/uPbWdw==}

  emoji-regex@8.0.0:
    resolution: {integrity: sha512-MSjYzcWNOA0ewAHpz0MxpYFvwg6yjy1NG3xteoqz644VCo/RPgnr1/GGt+ic3iJTzQ8Eu3TdM14SawnVUmGE6A==}

  es6-promise@3.3.1:
    resolution: {integrity: sha512-SOp9Phqvqn7jtEUxPWdWfWoLmyt2VaJ6MpvP9Comy1MceMXqE6bxvaTu4iaxpYYPzhny28Lc+M87/c2cPK6lDg==}

  escalade@3.2.0:
    resolution: {integrity: sha512-WUj2qlxaQtO4g6Pq5c29GTcWGDyd8itL8zTlipgECz3JesAiiOKotd8JU6otB3PACgG6xkJUyVhboMS+bje/jA==}
    engines: {node: '>=6'}

  eventemitter3@5.0.4:
    resolution: {integrity: sha512-mlsTRyGaPBjPedk6Bvw+aqbsXDtoAyAzm5MO7JgU+yVRyMQ5O8bD4Kcci7BS85f93veegeCPkL8R4GLClnjLFw==}

  fast-deep-equal@3.1.3:
    resolution: {integrity: sha512-f3qQ9oQy9j2AhBe/H9VC91wLmKBCCU/gDOnKNAYG5hswO7BLKj09Hc5HYNz9cGI++xlpDCIgDaitVs03ATR84Q==}

  fast-safe-stringify@2.1.1:
    resolution: {integrity: sha512-W+KJc2dmILlPplD/H4K9l9LcAHAfPtP6BY84uVLXQ6Evcz9Lcg33Y2z1IVblT6xdY54PXYVHEv+0Wpq8Io6zkA==}

  fast-xml-builder@1.2.0:
    resolution: {integrity: sha512-00aAWieqff+ZJhsXA4g1g7M8k+7AYoMUUHF+/zFb5U6Uv/P0Vl4QZo84/IcufzYalLuEj9928bXN9PbbFzMF0Q==}

  fast-xml-parser@5.9.3:
    resolution: {integrity: sha512-brCNCeScma/kqa54J4PIDriSSSLssRkuYaUCpvHJulGc3HGI/xxKUCTDcYkAdqJsyb//ydpbxecjC3hB9+tb/g==}
    hasBin: true

  foreach@2.0.6:
    resolution: {integrity: sha512-k6GAGDyqLe9JaebCsFCoudPPWfihKu8pylYXRlqP1J7ms39iPoTtk2fviNglIeQEwdh0bQeKJ01ZPyuyQvKzwg==}

  foundation-sites@6.8.1:
    resolution: {integrity: sha512-9JAuLqVgzf7EIRUqVKeYN68dU/SGe0aNJPgnejdfJKSWnBFdQLF3Zvy9WEQ1gE/gnyvwG3Ia3LkkEd9774n0bQ==}
    engines: {node: '>=16.0'}
    peerDependencies:
      jquery: '>=3.6.0'
      motion-ui: latest
      what-input: '>=5.2.10'

  get-caller-file@2.0.5:
    resolution: {integrity: sha512-DyFP3BM/3YHTQOCUL/w0OZHR0lpKeGrxotcHWcqNEdnltqFwXVfhEBQ94eIo34AfQpo0rGki4cyIiftY06h2Fg==}
    engines: {node: 6.* || 8.* || >= 10.*}

  http2-client@1.3.5:
    resolution: {integrity: sha512-EC2utToWl4RKfs5zd36Mxq7nzHHBuomZboI0yYL6Y0RmBgT7Sgkq4rQ0ezFTYoIsSs7Tm9SJe+o2FcAg6GBhGA==}

  https-proxy-agent@7.0.6:
    resolution: {integrity: sha512-vK9P5/iUfdl95AI+JVyUuIcVtd4ofvtrOr3HNtM2yxC9bnMbEdp3x01OhQNnjb8IJYi38VlTE3mBXwcfvywuSw==, tarball: https://pkg.harness.io/pkg/ct8onj8YTdaXtKaFsYCRLg/org-chef-npm/npm/https-proxy-agent/-/https-proxy-agent-7.0.6.tgz}
    engines: {node: '>= 14'}

  is-fullwidth-code-point@3.0.0:
    resolution: {integrity: sha512-zymm5+u+sCsSWyD9qNaejV3DFvhCKclKdizYaJUuHA83RLjb7nSuGnddCHGv0hk+KY7BMAlsWeK4Ueg6EV6XQg==}
    engines: {node: '>=8'}

  is-unsafe@1.0.1:
    resolution: {integrity: sha512-CLK2+VdgERgD96EYm5lUQssZYlRg2tkZnbsxZoacmSiRxiFJ4Nk4SzjCl+Ur+v3kXIY9dTIdb3IH22y1mZ56LA==}

  jquery@3.7.1:
    resolution: {integrity: sha512-m4avr8yL8kmFN8psrbFFFmB/If14iN5o9nw/NgnnM+kybDJpRsAynV2BsfpTYrTRysYUdADVD7CkUUizgkpLfg==}

  js-levenshtein@1.1.6:
    resolution: {integrity: sha512-X2BB11YZtrRqY4EnQcLX5Rh373zbK4alC1FW7D7MBhL2gtcC17cTnr6DmfHZeS0s2rTHjUTMMHfG7gO8SSdw+g==, tarball: https://pkg.harness.io/pkg/ct8onj8YTdaXtKaFsYCRLg/org-chef-npm/npm/js-levenshtein/-/js-levenshtein-1.1.6.tgz}
    engines: {node: '>=0.10.0'}

  js-tokens@4.0.0:
    resolution: {integrity: sha512-RdJUflcE3cUzKiMqQgsCu06FPu9UdIJO0beYbPhHN4k6apgJtifcoCtT9bcxOpYBtpD2kCM6Sbzg4CausW/PKQ==}

  js-yaml@4.2.0:
    resolution: {integrity: sha512-ePWsvanv0DWuDRsW8dnt+R4jQ31SCRCQ7hhNcPXZPsoBZiemuZNYGf7adZdqX2D86j6rvKp3RpCxVTSb8WQlOw==, tarball: https://pkg.harness.io/pkg/ct8onj8YTdaXtKaFsYCRLg/org-chef-npm/npm/js-yaml/-/js-yaml-4.2.0.tgz}
    hasBin: true

  json-pointer@0.6.2:
    resolution: {integrity: sha512-vLWcKbOaXlO+jvRy4qNd+TI1QUPZzfJj1tpJ3vAXDych5XJf93ftpUKe5pKCrzyIIwgBJcOcCVRUfqQP25afBw==}

  json-schema-traverse@1.0.0:
    resolution: {integrity: sha512-NM8/P9n3XjXhIZn1lLhkFaACTOURQXjWhV4BA/RnOv8xvgqtqpAX9IO4mRQxSx1Rlo4tqzeqb0sOlruaOy3dug==}

  loose-envify@1.4.0:
    resolution: {integrity: sha512-lyuxPGr/Wfhrlem2CL/UcnUc1zcqKAImBDzukY7Y5F/yQiNdko6+fRLevlw1HgMySw7f611UIY408EtxRSoK3Q==}
    hasBin: true

  lunr@2.3.9:
    resolution: {integrity: sha512-zTU3DaZaF3Rt9rhN3uBMGQD3dD2/vFQqnvZCDv4dl5iOzq2IZQqTxu90r4E5J+nP70J3ilqVCrbho2eWaeW8Ow==}

  mark.js@8.11.1:
    resolution: {integrity: sha512-1I+1qpDt4idfgLQG+BNWmrqku+7/2bi5nLf4YwF8y8zXvmfiTBY3PV3ZibfrjBueCByROpuBjLLFCajqkgYoLQ==}

  marked@4.3.0:
    resolution: {integrity: sha512-PRsaiG84bK+AMvxziE/lCFss8juXjNaWzVbN5tXAm4XjeaS9NAHhop+PjQxz2A9h8Q4M/xGmzP8vqNwy6JeK0A==}
    engines: {node: '>= 12'}
    hasBin: true

  minimatch@5.1.9:
    resolution: {integrity: sha512-7o1wEA2RyMP7Iu7GNba9vc0RWWGACJOCZBJX2GJWip0ikV+wcOsgVuY9uE8CPiyQhkGFSlhuSkZPavN7u1c2Fw==, tarball: https://pkg.harness.io/pkg/ct8onj8YTdaXtKaFsYCRLg/org-chef-npm/npm/minimatch/-/minimatch-5.1.9.tgz}
    engines: {node: '>=10'}

  mobx-react-lite@4.1.1:
    resolution: {integrity: sha512-iUxiMpsvNraCKXU+yPotsOncNNmyeS2B5DKL+TL6Tar/xm+wwNJAubJmtRSeAoYawdZqwv8Z/+5nPRHeQxTiXg==}
    peerDependencies:
      mobx: ^6.9.0
      react: ^16.8.0 || ^17 || ^18 || ^19
      react-dom: '*'
      react-native: '*'
    peerDependenciesMeta:
      react-dom:
        optional: true
      react-native:
        optional: true

  mobx-react@9.2.0:
    resolution: {integrity: sha512-dkGWCx+S0/1mfiuFfHRH8D9cplmwhxOV5CkXMp38u6rQGG2Pv3FWYztS0M7ncR6TyPRQKaTG/pnitInoYE9Vrw==, tarball: https://pkg.harness.io/pkg/ct8onj8YTdaXtKaFsYCRLg/org-chef-npm/npm/mobx-react/-/mobx-react-9.2.0.tgz}
    peerDependencies:
      mobx: ^6.9.0
      react: ^16.8.0 || ^17 || ^18 || ^19
      react-dom: '*'
      react-native: '*'
    peerDependenciesMeta:
      react-dom:
        optional: true
      react-native:
        optional: true

  mobx@6.16.1:
    resolution: {integrity: sha512-syNcDdX3KT+Jq3je6eGjBhuc24Z68td2VG0zNFqRswaE433D9SNH5VRy/xrGbJsUixfppLLccXhAW9JSf6n+SQ==}

  ms@2.1.3:
    resolution: {integrity: sha512-6FlzubTLZG3J2a/NVCAleEhjzq5oxgHyaCU9yYXvcLsvoVaHJq/s5xXI6/XXP6tz7R9xAOtHnSO/tXtF3WRTlA==}

  node-fetch-h2@2.3.0:
    resolution: {integrity: sha512-ofRW94Ab0T4AOh5Fk8t0h8OBWrmjb0SSB20xh1H8YnPV9EJ+f5AMoYSUQ2zgJ4Iq2HAK0I2l5/Nequ8YzFS3Hg==}
    engines: {node: 4.x || >=6.0.0}

  node-fetch@2.7.0:
    resolution: {integrity: sha512-c4FRfUm/dbcWZ7U+1Wq0AwCyFL+3nt2bEw05wfxSz+DWpWsitgmSgYmy2dQdWyKC1694ELPqMs/YzUSNozLt8A==}
    engines: {node: 4.x || >=6.0.0}
    peerDependencies:
      encoding: ^0.1.0
    peerDependenciesMeta:
      encoding:
        optional: true

  node-readfiles@0.2.0:
    resolution: {integrity: sha512-SU00ZarexNlE4Rjdm83vglt5Y9yiQ+XI1XpflWlb7q7UTN1JUItm69xMeiQCTxtTfnzt+83T8Cx+vI2ED++VDA==}

  oas-kit-common@1.0.8:
    resolution: {integrity: sha512-pJTS2+T0oGIwgjGpw7sIRU8RQMcUoKCDWFLdBqKB2BNmGpbBMH2sdqAaOXUg8OzonZHU0L7vfJu1mJFEiYDWOQ==}

  oas-linter@3.2.2:
    resolution: {integrity: sha512-KEGjPDVoU5K6swgo9hJVA/qYGlwfbFx+Kg2QB/kd7rzV5N8N5Mg6PlsoCMohVnQmo+pzJap/F610qTodKzecGQ==}

  oas-resolver@2.5.6:
    resolution: {integrity: sha512-Yx5PWQNZomfEhPPOphFbZKi9W93CocQj18NlD2Pa4GWZzdZpSJvYwoiuurRI7m3SpcChrnO08hkuQDL3FGsVFQ==}
    hasBin: true

  oas-schema-walker@1.1.5:
    resolution: {integrity: sha512-2yucenq1a9YPmeNExoUa9Qwrt9RFkjqaMAA1X+U7sbb0AqBeTIdMHky9SQQ6iN94bO5NW0W4TRYXerG+BdAvAQ==}

  oas-validator@5.0.8:
    resolution: {integrity: sha512-cu20/HE5N5HKqVygs3dt94eYJfBi0TsZvPVXDhbXQHiEityDN+RROTleefoKRKKJ9dFAF2JBkDHgvWj0sjKGmw==}

  object-assign@4.1.1:
    resolution: {integrity: sha512-rJgTQnkUnH1sFw8yT6VSU3zD3sWmu6sZhIseY8VX+GRu3P6F7Fu+JNDoXfklElbLJSnc3FUQHVe4cU5hj+BcUg==}
    engines: {node: '>=0.10.0'}

  openapi-sampler@1.7.4:
    resolution: {integrity: sha512-CKS/rd5ucPCuEDbJnjGDXZTsuGWcmv53aCmQx7soZlPEONUGN4af0/dY5+THRFZraSEjeA78nlfzdFswC/N5SA==}

  path-browserify@1.0.1:
    resolution: {integrity: sha512-b7uo2UCUOYZcnF/3ID0lulOJi/bafxa1xPe7ZPsammBSpjSWQkjNxlt635YGS2MiR9GjvuXCtz2emr3jbsz98g==}

  path-expression-matcher@1.6.1:
    resolution: {integrity: sha512-h7bxdzhHk8Knyc4Tj+jMaa7fEEoUJy7p1qtbVgkYg1Uhpe5Np5VuGXCRZnkZvU+Q42M1vStt0ifa3ueykRJPmQ==}
    engines: {node: '>=14.0.0'}

  perfect-scrollbar@1.5.6:
    resolution: {integrity: sha512-rixgxw3SxyJbCaSpo1n35A/fwI1r2rdwMKOTCg/AcG+xOEyZcE8UHVjpZMFCVImzsFoCZeJTT+M/rdEIQYO2nw==}

  pluralize@8.0.0:
    resolution: {integrity: sha512-Nc3IT5yHzflTfbjgqWcCPpo7DaKy4FnpB0l/zCAW0Tc7jxAiuqSxHasntB3D7887LSrA93kDJ9IXovxJYxyLCA==, tarball: https://pkg.harness.io/pkg/ct8onj8YTdaXtKaFsYCRLg/org-chef-npm/npm/pluralize/-/pluralize-8.0.0.tgz}
    engines: {node: '>=4'}

  polished@4.3.1:
    resolution: {integrity: sha512-OBatVyC/N7SCW/FaDHrSd+vn0o5cS855TOmYi4OkdWUMSJCET/xip//ch8xGUvtr3i44X9LVyWwQlRMTN3pwSA==}
    engines: {node: '>=10'}

  prismjs@1.30.0:
    resolution: {integrity: sha512-DEvV2ZF2r2/63V+tK8hQvrR2ZGn10srHbXviTlcv7Kpzw8jWiNTqbVgjO3IY8RxrrOUF8VPMQQFysYYYv0YZxw==}
    engines: {node: '>=6'}

  prop-types@15.8.1:
    resolution: {integrity: sha512-oj87CgZICdulUohogVAR7AjlC0327U4el4L6eAvOqCeudMDVU0NThNaV+b9Df4dXgSP1gXMTnPdhfe/2qDH5cg==}

  react-dom@19.2.7:
    resolution: {integrity: sha512-t0BRVXvbiE/o20Hfw669rLbMCDWtYZLvmJigy2f0MxsXF+71pxhR3xOkspmsO8h3ZlNzyibAmtCa3l4lYKk6gQ==}
    peerDependencies:
      react: ^19.2.7

  react-is@16.13.1:
    resolution: {integrity: sha512-24e6ynE2H+OKt4kqsOvNd8kBpV65zoxbA4BVsEOB3ARVWQki/DHzaUoC5KuON/BiccDaCCTZBuOcfZs70kR8bQ==}

  react-tabs@6.1.1:
    resolution: {integrity: sha512-CPiuKoMFf89B7QlbFfdBD9XmUWiE3qudQputMVZB8GQvPJZRX/gqjDaDWOPDwGinEfpJKEuBCkGt83Tt4efeyA==}
    peerDependencies:
      react: ^18.0.0 || ^19.0.0

  react@19.2.7:
    resolution: {integrity: sha512-HNe9WslTbXmFK8o8cmwgAeJFSBvt1bPdHCVKtaaV+WlAN36mpT4hcRpwbf3fY56ar2oIXzsBpOAiIRHAdY0OlQ==}
    engines: {node: '>=0.10.0'}

  redoc@2.5.3:
    resolution: {integrity: sha512-bBbat+Sx6xKWdyoCGTtA0BWeTEW9Vs4VnEja7q7ZLOk4IM7cHQLrf+kDxWF6dKeKxT8kOBnoy/OsNXCeLttpyQ==}
    engines: {node: '>=6.9', npm: '>=3.0.0'}
    peerDependencies:
      core-js: ^3.1.4
      mobx: ^6.0.4
      react: ^16.8.4 || ^17.0.0 || ^18.0.0 || ^19.0.0
      react-dom: ^16.8.4 || ^17.0.0 || ^18.0.0 || ^19.0.0
      styled-components: ^4.1.1 || ^5.1.1 || ^6.0.5

  reftools@1.1.9:
    resolution: {integrity: sha512-OVede/NQE13xBQ+ob5CKd5KyeJYU2YInb1bmV4nRoOfquZPkAkxuOXicSe1PvqIuZZ4kD13sPKBbR7UFDmli6w==}

  require-directory@2.1.1:
    resolution: {integrity: sha512-fGxEI7+wsG9xrvdjsrlmL22OMTTiHRwAMroiEeMgq8gzoLC/PQr7RsRDSTLUg/bZAZtF+TVIkHc6/4RIKrui+Q==}
    engines: {node: '>=0.10.0'}

  require-from-string@2.0.2:
    resolution: {integrity: sha512-Xf0nWe6RseziFMu+Ap9biiUbmplq6S9/p+7w7YXP/JBHhrUDDUhwa+vANyubuqfZWTveU//DYVGsDG7RKL/vEw==}
    engines: {node: '>=0.10.0'}

  scheduler@0.27.0:
    resolution: {integrity: sha512-eNv+WrVbKu1f3vbYJT/xtiF5syA5HPIMtf9IgY/nKg0sWqzAUEvqY/xm7OcZc/qafLx/iO9FgOmeSAp4v5ti/Q==}

  should-equal@2.0.0:
    resolution: {integrity: sha512-ZP36TMrK9euEuWQYBig9W55WPC7uo37qzAEmbjHz4gfyuXrEUgF8cUvQVO+w+d3OMfPvSRQJ22lSm8MQJ43LTA==}

  should-format@3.0.3:
    resolution: {integrity: sha512-hZ58adtulAk0gKtua7QxevgUaXTTXxIi8t41L3zo9AHvjXO1/7sdLECuHeIN2SRtYXpNkmhoUP2pdeWgricQ+Q==}

  should-type-adaptors@1.1.0:
    resolution: {integrity: sha512-JA4hdoLnN+kebEp2Vs8eBe9g7uy0zbRo+RMcU0EsNy+R+k049Ki+N5tT5Jagst2g7EAja+euFuoXFCa8vIklfA==}

  should-type@1.4.0:
    resolution: {integrity: sha512-MdAsTu3n25yDbIe1NeN69G4n6mUnJGtSJHygX3+oN0ZbO3DTiATnf7XnYJdGT42JCXurTb1JI0qOBR65shvhPQ==}

  should-util@1.0.1:
    resolution: {integrity: sha512-oXF8tfxx5cDk8r2kYqlkUJzZpDBqVY/II2WhvU0n9Y3XYvAYRmeaf1PvvIvTgPnv4KJ+ES5M0PyDq5Jp+Ygy2g==}

  should@13.2.3:
    resolution: {integrity: sha512-ggLesLtu2xp+ZxI+ysJTmNjh2U0TsC+rQ/pfED9bUZZ4DKefP27D+7YJVVTvKsmjLpIi9jAa7itwDGkDDmt1GQ==}

  slugify@1.4.7:
    resolution: {integrity: sha512-tf+h5W1IrjNm/9rKKj0JU2MDMruiopx0jjVA5zCdBtcGjfp0+c5rHw/zADLC3IeKlGHtVbHtpfzvYA0OYT+HKg==}
    engines: {node: '>=8.0.0'}

  stickyfill@1.1.1:
    resolution: {integrity: sha512-GCp7vHAfpao+Qh/3Flh9DXEJ/qSi0KJwJw6zYlZOtRYXWUIpMM6mC2rIep/dK8RQqwW0KxGJIllmjPIBOGN8AA==}

  string-width@4.2.3:
    resolution: {integrity: sha512-wKyQRQpjJ0sIp62ErSZdGsjMJWsap5oRNihHhu6G7JVO/9jIB6UyevL+tXuOqrng8j/cxKTWyWUwvSTriiZz/g==}
    engines: {node: '>=8'}

  strip-ansi@6.0.1:
    resolution: {integrity: sha512-Y38VPSHcqkFrCpFnQ9vuSXmquuv5oXOKpGeT6aGrr3o3Gc9AlVa6JBfUSOCnbxGGZF+/0ooI7KrPuUSztUdU5A==}
    engines: {node: '>=8'}

  strnum@2.4.1:
    resolution: {integrity: sha512-M9eUSMT2dCB2cTNPG7UYj6KuK7RJR2SN2+yCV/fTW3xzTCS6EaGZ5pSMgDIjB7r8zSfTGk+dvvn9rTjpVS9Mwg==}

  styled-components@6.4.3:
    resolution: {integrity: sha512-wYXrhu+JmDjZ1Tv7O0OopGTfztbzun43Pjjhh2H+xc0h5A09dwpZ5FJbrifJDcL8g5TA9btpWOX2+iSRuJTExw==}
    engines: {node: '>= 16'}
    peerDependencies:
      css-to-react-native: '>= 3.2.0'
      react: '>= 16.8.0'
      react-dom: '>= 16.8.0'
      react-native: '>= 0.68.0'
    peerDependenciesMeta:
      css-to-react-native:
        optional: true
      react-dom:
        optional: true
      react-native:
        optional: true

  stylis@4.3.6:
    resolution: {integrity: sha512-yQ3rwFWRfwNUY7H5vpU0wfdkNSnvnJinhF9830Swlaxl03zsOjCfmX0ugac+3LtK0lYSgwL/KXc8oYL3mG4YFQ==, tarball: https://pkg.harness.io/pkg/ct8onj8YTdaXtKaFsYCRLg/org-chef-npm/npm/stylis/-/stylis-4.3.6.tgz}

  swagger2openapi@7.0.8:
    resolution: {integrity: sha512-upi/0ZGkYgEcLeGieoz8gT74oWHA0E7JivX7aN9mAf+Tc7BQoRBvnIGHoPDw+f9TXTW4s6kGYCZJtauP6OYp7g==}
    hasBin: true

  tr46@0.0.3:
    resolution: {integrity: sha512-N3WMsuqV66lT30CrXNbEjx4GEwlow3v6rr4mCcv6prnfwhS01rkgyFdjPNBYd9br7LpXV1+Emh01fHnq2Gdgrw==}

  uri-js-replace@1.0.1:
    resolution: {integrity: sha512-W+C9NWNLFOoBI2QWDp4UT9pv65r2w5Cx+3sTYFvtMdDBxkKt1syCqsUdSFAChbEe1uK5TfS04wt/nGwmaeIQ0g==}

  url-template@2.0.8:
    resolution: {integrity: sha512-XdVKMF4SJ0nP/O7XIPB0JwAEuT9lDIYnNsK8yGVe43y0AWoKeJNdv3ZNWh7ksJ6KqQFjOO6ox/VEitLnaVNufw==}

  use-sync-external-store@1.6.0:
    resolution: {integrity: sha512-Pp6GSwGP/NrPIrxVFAIkOQeyw8lFenOHijQWkUTrDvrF4ALqylP2C/KCkeS9dpUM3KvYRQhna5vt7IL95+ZQ9w==}
    peerDependencies:
      react: ^16.8.0 || ^17.0.0 || ^18.0.0 || ^19.0.0

  webidl-conversions@3.0.1:
    resolution: {integrity: sha512-2JAn3z8AR6rjK8Sm8orRC0h/bcl/DqL7tRPdGZ4I1CjdF+EaMLmYxBHyXuKL849eucPFhvBoxMsflfOb8kxaeQ==}

  what-input@5.2.12:
    resolution: {integrity: sha512-3yrSa7nGSXGJS6wZeSkO6VNm95pB1mZ9i3wFzC1hhY7mn4/afue/MvXz04OXNdBC8bfo4AB4RRd3Dem9jXM58Q==}

  whatwg-url@5.0.0:
    resolution: {integrity: sha512-saE57nupxk6v3HY35+jzBwYa0rKSy0XR8JSxZPwgLr7ys0IBzhGviA1/TUGJLmSVqs8pb9AnvICXEuOHLprYTw==}

  wrap-ansi@7.0.0:
    resolution: {integrity: sha512-YVGIj2kamLSTxw6NsZjoBxfSwsn0ycdesmc4p+Q21c5zPuZ1pl+NfxVdxPtdHvmNVOQ6XSYG4AUtyt/Fi7D16Q==}
    engines: {node: '>=10'}

  xml-naming@0.1.0:
    resolution: {integrity: sha512-k8KO9hrMyNk6tUWqUfkTEZbezRRpONVOzUTnc97VnCvyj6Tf9lyUR9EDAIeiVLv56jsMcoXEwjW8Kv5yPY52lw==}
    engines: {node: '>=16.0.0'}

  y18n@5.0.8:
    resolution: {integrity: sha512-0pfFzegeDWJHJIAmTLRP2DwHjdF5s7jo9tuztdQxAhINCdvS+3nGINqPd00AphqJR/0LhANUS6/+7SCb98YOfA==}
    engines: {node: '>=10'}

  yaml-ast-parser@0.0.43:
    resolution: {integrity: sha512-2PTINUwsRqSd+s8XxKaJWQlUuEMHJQyEuh2edBbW8KNJz0SJPwUSD2zRWqezFEdN7IzAgeuYHFUCF7o8zRdZ0A==, tarball: https://pkg.harness.io/pkg/ct8onj8YTdaXtKaFsYCRLg/org-chef-npm/npm/yaml-ast-parser/-/yaml-ast-parser-0.0.43.tgz}

  yaml@1.10.3:
    resolution: {integrity: sha512-vIYeF1u3CjlhAFekPPAk2h/Kv4T3mAkMox5OymRiJQB0spDP10LHvt+K7G9Ny6NuuMAb25/6n1qyUjAcGNf/AA==}
    engines: {node: '>= 6'}

  yargs-parser@21.1.1:
    resolution: {integrity: sha512-tVpsJW7DdjecAiFpbIB1e3qxIQsE6NoPc5/eTdrbbIC4h0LVsWhnoa3g+m2HclBIujHzsxZ4VJVA+GUuc2/LBw==}
    engines: {node: '>=12'}

  yargs@17.7.3:
    resolution: {integrity: sha512-GZtjxm/J/4TSxuL3FNYjCmLktBTnIw/rVmKSIyKeYAZpmJB2ig9VauCC5xsa82GNKVKDAqpOn3KVzNt0zmrU0g==}
    engines: {node: '>=12'}

snapshots:

  '@babel/runtime@7.29.7': {}

  '@emotion/is-prop-valid@1.4.0':
    dependencies:
      '@emotion/memoize': 0.9.0

  '@emotion/memoize@0.9.0': {}

  '@exodus/schemasafe@1.3.0': {}

  '@nodable/entities@2.2.0': {}

  '@redocly/ajv@8.11.2':
    dependencies:
      fast-deep-equal: 3.1.3
      json-schema-traverse: 1.0.0
      require-from-string: 2.0.2
      uri-js-replace: 1.0.1

  '@redocly/config@0.22.0': {}

  '@redocly/openapi-core@1.34.16':
    dependencies:
      '@redocly/ajv': 8.11.2
      '@redocly/config': 0.22.0
      colorette: 1.4.0
      https-proxy-agent: 7.0.6
      js-levenshtein: 1.1.6
      js-yaml: 4.2.0
      minimatch: 5.1.9
      pluralize: 8.0.0
      yaml-ast-parser: 0.0.43
    transitivePeerDependencies:
      - supports-color

  '@types/json-schema@7.0.15': {}

  '@types/trusted-types@2.0.7':
    optional: true

  agent-base@7.1.4: {}

  ansi-regex@5.0.1: {}

  ansi-styles@4.3.0:
    dependencies:
      color-convert: 2.0.1

  anynum@1.0.1: {}

  argparse@2.0.1: {}

  balanced-match@1.0.2: {}

  brace-expansion@2.1.1:
    dependencies:
      balanced-match: 1.0.2

  call-me-maybe@1.0.2: {}

  classnames@2.5.1: {}

  cliui@8.0.1:
    dependencies:
      string-width: 4.2.3
      strip-ansi: 6.0.1
      wrap-ansi: 7.0.0

  clsx@2.1.1: {}

  color-convert@2.0.1:
    dependencies:
      color-name: 1.1.4

  color-name@1.1.4: {}

  colorette@1.4.0: {}

  core-js@3.49.0: {}

  csstype@3.2.3: {}

  debug@4.4.3:
    dependencies:
      ms: 2.1.3

  decko@1.2.0: {}

  dompurify@3.4.11:
    optionalDependencies:
      '@types/trusted-types': 2.0.7

  emoji-regex@8.0.0: {}

  es6-promise@3.3.1: {}

  escalade@3.2.0: {}

  eventemitter3@5.0.4: {}

  fast-deep-equal@3.1.3: {}

  fast-safe-stringify@2.1.1: {}

  fast-xml-builder@1.2.0:
    dependencies:
      path-expression-matcher: 1.6.1
      xml-naming: 0.1.0

  fast-xml-parser@5.9.3:
    dependencies:
      '@nodable/entities': 2.2.0
      fast-xml-builder: 1.2.0
      is-unsafe: 1.0.1
      path-expression-matcher: 1.6.1
      strnum: 2.4.1
      xml-naming: 0.1.0

  foreach@2.0.6: {}

  foundation-sites@6.8.1(jquery@3.7.1)(what-input@5.2.12):
    dependencies:
      jquery: 3.7.1
      what-input: 5.2.12

  get-caller-file@2.0.5: {}

  http2-client@1.3.5: {}

  https-proxy-agent@7.0.6:
    dependencies:
      agent-base: 7.1.4
      debug: 4.4.3
    transitivePeerDependencies:
      - supports-color

  is-fullwidth-code-point@3.0.0: {}

  is-unsafe@1.0.1: {}

  jquery@3.7.1: {}

  js-levenshtein@1.1.6: {}

  js-tokens@4.0.0: {}

  js-yaml@4.2.0:
    dependencies:
      argparse: 2.0.1

  json-pointer@0.6.2:
    dependencies:
      foreach: 2.0.6

  json-schema-traverse@1.0.0: {}

  loose-envify@1.4.0:
    dependencies:
      js-tokens: 4.0.0

  lunr@2.3.9: {}

  mark.js@8.11.1: {}

  marked@4.3.0: {}

  minimatch@5.1.9:
    dependencies:
      brace-expansion: 2.1.1

  mobx-react-lite@4.1.1(mobx@6.16.1)(react-dom@19.2.7(react@19.2.7))(react@19.2.7):
    dependencies:
      mobx: 6.16.1
      react: 19.2.7
      use-sync-external-store: 1.6.0(react@19.2.7)
    optionalDependencies:
      react-dom: 19.2.7(react@19.2.7)

  mobx-react@9.2.0(mobx@6.16.1)(react-dom@19.2.7(react@19.2.7))(react@19.2.7):
    dependencies:
      mobx: 6.16.1
      mobx-react-lite: 4.1.1(mobx@6.16.1)(react-dom@19.2.7(react@19.2.7))(react@19.2.7)
      react: 19.2.7
    optionalDependencies:
      react-dom: 19.2.7(react@19.2.7)

  mobx@6.16.1: {}

  ms@2.1.3: {}

  node-fetch-h2@2.3.0:
    dependencies:
      http2-client: 1.3.5

  node-fetch@2.7.0:
    dependencies:
      whatwg-url: 5.0.0

  node-readfiles@0.2.0:
    dependencies:
      es6-promise: 3.3.1

  oas-kit-common@1.0.8:
    dependencies:
      fast-safe-stringify: 2.1.1

  oas-linter@3.2.2:
    dependencies:
      '@exodus/schemasafe': 1.3.0
      should: 13.2.3
      yaml: 1.10.3

  oas-resolver@2.5.6:
    dependencies:
      node-fetch-h2: 2.3.0
      oas-kit-common: 1.0.8
      reftools: 1.1.9
      yaml: 1.10.3
      yargs: 17.7.3

  oas-schema-walker@1.1.5: {}

  oas-validator@5.0.8:
    dependencies:
      call-me-maybe: 1.0.2
      oas-kit-common: 1.0.8
      oas-linter: 3.2.2
      oas-resolver: 2.5.6
      oas-schema-walker: 1.1.5
      reftools: 1.1.9
      should: 13.2.3
      yaml: 1.10.3

  object-assign@4.1.1: {}

  openapi-sampler@1.7.4:
    dependencies:
      '@types/json-schema': 7.0.15
      fast-xml-parser: 5.9.3
      json-pointer: 0.6.2

  path-browserify@1.0.1: {}

  path-expression-matcher@1.6.1: {}

  perfect-scrollbar@1.5.6: {}

  pluralize@8.0.0: {}

  polished@4.3.1:
    dependencies:
      '@babel/runtime': 7.29.7

  prismjs@1.30.0: {}

  prop-types@15.8.1:
    dependencies:
      loose-envify: 1.4.0
      object-assign: 4.1.1
      react-is: 16.13.1

  react-dom@19.2.7(react@19.2.7):
    dependencies:
      react: 19.2.7
      scheduler: 0.27.0

  react-is@16.13.1: {}

  react-tabs@6.1.1(react@19.2.7):
    dependencies:
      clsx: 2.1.1
      prop-types: 15.8.1
      react: 19.2.7

  react@19.2.7: {}

  redoc@2.5.3(core-js@3.49.0)(mobx@6.16.1)(react-dom@19.2.7(react@19.2.7))(react@19.2.7)(styled-components@6.4.3(react-dom@19.2.7(react@19.2.7))(react@19.2.7)):
    dependencies:
      '@redocly/openapi-core': 1.34.16
      classnames: 2.5.1
      core-js: 3.49.0
      decko: 1.2.0
      dompurify: 3.4.11
      eventemitter3: 5.0.4
      json-pointer: 0.6.2
      lunr: 2.3.9
      mark.js: 8.11.1
      marked: 4.3.0
      mobx: 6.16.1
      mobx-react: 9.2.0(mobx@6.16.1)(react-dom@19.2.7(react@19.2.7))(react@19.2.7)
      openapi-sampler: 1.7.4
      path-browserify: 1.0.1
      perfect-scrollbar: 1.5.6
      polished: 4.3.1
      prismjs: 1.30.0
      prop-types: 15.8.1
      react: 19.2.7
      react-dom: 19.2.7(react@19.2.7)
      react-tabs: 6.1.1(react@19.2.7)
      slugify: 1.4.7
      stickyfill: 1.1.1
      styled-components: 6.4.3(react-dom@19.2.7(react@19.2.7))(react@19.2.7)
      swagger2openapi: 7.0.8
      url-template: 2.0.8
    transitivePeerDependencies:
      - encoding
      - react-native
      - supports-color

  reftools@1.1.9: {}

  require-directory@2.1.1: {}

  require-from-string@2.0.2: {}

  scheduler@0.27.0: {}

  should-equal@2.0.0:
    dependencies:
      should-type: 1.4.0

  should-format@3.0.3:
    dependencies:
      should-type: 1.4.0
      should-type-adaptors: 1.1.0

  should-type-adaptors@1.1.0:
    dependencies:
      should-type: 1.4.0
      should-util: 1.0.1

  should-type@1.4.0: {}

  should-util@1.0.1: {}

  should@13.2.3:
    dependencies:
      should-equal: 2.0.0
      should-format: 3.0.3
      should-type: 1.4.0
      should-type-adaptors: 1.1.0
      should-util: 1.0.1

  slugify@1.4.7: {}

  stickyfill@1.1.1: {}

  string-width@4.2.3:
    dependencies:
      emoji-regex: 8.0.0
      is-fullwidth-code-point: 3.0.0
      strip-ansi: 6.0.1

  strip-ansi@6.0.1:
    dependencies:
      ansi-regex: 5.0.1

  strnum@2.4.1:
    dependencies:
      anynum: 1.0.1

  styled-components@6.4.3(react-dom@19.2.7(react@19.2.7))(react@19.2.7):
    dependencies:
      '@emotion/is-prop-valid': 1.4.0
      csstype: 3.2.3
      react: 19.2.7
      stylis: 4.3.6
    optionalDependencies:
      react-dom: 19.2.7(react@19.2.7)

  stylis@4.3.6: {}

  swagger2openapi@7.0.8:
    dependencies:
      call-me-maybe: 1.0.2
      node-fetch: 2.7.0
      node-fetch-h2: 2.3.0
      node-readfiles: 0.2.0
      oas-kit-common: 1.0.8
      oas-resolver: 2.5.6
      oas-schema-walker: 1.1.5
      oas-validator: 5.0.8
      reftools: 1.1.9
      yaml: 1.10.3
      yargs: 17.7.3
    transitivePeerDependencies:
      - encoding

  tr46@0.0.3: {}

  uri-js-replace@1.0.1: {}

  url-template@2.0.8: {}

  use-sync-external-store@1.6.0(react@19.2.7):
    dependencies:
      react: 19.2.7

  webidl-conversions@3.0.1: {}

  what-input@5.2.12: {}

  whatwg-url@5.0.0:
    dependencies:
      tr46: 0.0.3
      webidl-conversions: 3.0.1

  wrap-ansi@7.0.0:
    dependencies:
      ansi-styles: 4.3.0
      string-width: 4.2.3
      strip-ansi: 6.0.1

  xml-naming@0.1.0: {}

  y18n@5.0.8: {}

  yaml-ast-parser@0.0.43: {}

  yaml@1.10.3: {}

  yargs-parser@21.1.1: {}

  yargs@17.7.3:
    dependencies:
      cliui: 8.0.1
      escalade: 3.2.0
      get-caller-file: 2.0.5
      require-directory: 2.1.1
      string-width: 4.2.3
      y18n: 5.0.8
      yargs-parser: 21.1.1
